
Microsoft Visual Studio Solution File, Format Version 12.00
Project("{FAE04EC0-301F-11D3-BF4B-00C04F79EFBC}") = "GamerProject", "GamerProject\GamerProject.csproj", "{B13C8DAF-A1D4-408B-938F-EDF81BB98736}"
EndProject
Global
	GlobalSection(SolutionConfigurationPlatforms) = preSolution
		Debug|Any CPU = Debug|Any CPU
		Release|Any CPU = Release|Any CPU
	EndGlobalSection
	GlobalSection(ProjectConfigurationPlatforms) = postSolution
		{B13C8DAF-A1D4-408B-938F-EDF81BB98736}.Debug|Any CPU.ActiveCfg = Debug|Any CPU
		{B13C8DAF-A1D4-408B-938F-EDF81BB98736}.Debug|Any CPU.Build.0 = Debug|Any CPU
		{B13C8DAF-A1D4-408B-938F-EDF81BB98736}.Release|Any CPU.ActiveCfg = Release|Any CPU
		{B13C8DAF-A1D4-408B-938F-EDF81BB98736}.Release|Any CPU.Build.0 = Release|Any CPU
	EndGlobalSection
EndGlobal
